
Microsoft Visual Studio Solution File, Format Version 12.00
# Visual Studio Version 17
VisualStudioVersion = 17.9.34728.123
MinimumVisualStudioVersion = 10.0.40219.1
Project("{FAE04EC0-301F-11D3-BF4B-00C04F79EFBC}") = "Library", "Library\Library.csproj", "{572E398E-A610-4092-AD5E-E4F81607C52E}"
EndProject
Global
	GlobalSection(SolutionConfigurationPlatforms) = preSolution
		Debug|Any CPU = Debug|Any CPU
		Release|Any CPU = Release|Any CPU
	EndGlobalSection
	GlobalSection(ProjectConfigurationPlatforms) = postSolution
		{572E398E-A610-4092-AD5E-E4F81607C52E}.Debug|Any CPU.ActiveCfg = Debug|Any CPU
		{572E398E-A610-4092-AD5E-E4F81607C52E}.Debug|Any CPU.Build.0 = Debug|Any CPU
		{572E398E-A610-4092-AD5E-E4F81607C52E}.Release|Any CPU.ActiveCfg = Release|Any CPU
		{572E398E-A610-4092-AD5E-E4F81607C52E}.Release|Any CPU.Build.0 = Release|Any CPU
	EndGlobalSection
	GlobalSection(SolutionProperties) = preSolution
		HideSolutionNode = FALSE
	EndGlobalSection
	GlobalSection(ExtensibilityGlobals) = postSolution
		SolutionGuid = {C21698ED-40DB-405B-A5CF-AA2AF7A9AA1C}
	EndGlobalSection
EndGlobal
